<?xml version="1.0" encoding="utf-8"?>
<Project ToolsVersion="4.0" xmlns="http://schemas.microsoft.com/developer/msbuild/2003">
  <ItemGroup>
    <Filter Include="Source Files">
      <UniqueIdentifier>{131e3850-fe85-4f7a-98ba-1ac576499b61}</UniqueIdentifier>
      <Extensions>cpp;c;cxx;rc;def;r;odl;idl;hpj;bat</Extensions>
    </Filter>
    <Filter Include="Resource Files">
      <UniqueIdentifier>{df57f708-4251-4577-a73d-262fa88112ae}</UniqueIdentifier>
      <Extensions>ico;cur;bmp;dlg;rc2;rct;bin;rgs;gif;jpg;jpeg;jpe</Extensions>
    </Filter>
    <Filter Include="Header Files">
      <UniqueIdentifier>{f68df366-fb2c-4900-ab51-6564016b64aa}</UniqueIdentifier>
      <Extensions>h;hpp;hxx;hm;inl</Extensions>
    </Filter>
  </ItemGroup>
  <ItemGroup>
    <ClCompile Include="Neatpad.c">
      <Filter>Source Files</Filter>
    </ClCompile>
    <ClCompile Include="NeatUtils.c">
      <Filter>Source Files</Filter>
    </ClCompile>
    <ClCompile Include="OpenSave.c">
      <Filter>Source Files</Filter>
    </ClCompile>
    <ClCompile Include="Options.c">
      <Filter>Source Files</Filter>
    </ClCompile>
    <ClCompile Include="OptionsDisplay.c">
      <Filter>Source Files</Filter>
    </ClCompile>
    <ClCompile Include="OptionsFont.c">
      <Filter>Source Files</Filter>
    </ClCompile>
    <ClCompile Include="OptionsMisc.c">
      <Filter>Source Files</Filter>
    </ClCompile>
    <ClCompile Include="Printing.c">
      <Filter>Source Files</Filter>
    </ClCompile>
    <ClCompile Include="Search.c">
      <Filter>Source Files</Filter>
    </ClCompile>
    <ClCompile Include="Toolbars.c">
      <Filter>Source Files</Filter>
    </ClCompile>
  </ItemGroup>
  <ItemGroup>
    <ResourceCompile Include="resource.rc">
      <Filter>Source Files</Filter>
    </ResourceCompile>
  </ItemGroup>
  <ItemGroup>
    <Image Include="bitmap1.bmp">
      <Filter>Resource Files</Filter>
    </Image>
    <Image Include="bitmap2.bmp">
      <Filter>Resource Files</Filter>
    </Image>
    <Image Include="bitmap3.bmp">
      <Filter>Resource Files</Filter>
    </Image>
    <Image Include="bitmap4.bmp">
      <Filter>Resource Files</Filter>
    </Image>
    <Image Include="icon1.ico">
      <Filter>Resource Files</Filter>
    </Image>
    <Image Include="icon2.ico">
      <Filter>Resource Files</Filter>
    </Image>
    <Image Include="icon3.ico">
      <Filter>Resource Files</Filter>
    </Image>
    <Image Include="icon4.ico">
      <Filter>Resource Files</Filter>
    </Image>
  </ItemGroup>
  <ItemGroup>
    <ClInclude Include="Neatpad.h">
      <Filter>Header Files</Filter>
    </ClInclude>
    <ClInclude Include="resource.h">
      <Filter>Header Files</Filter>
    </ClInclude>
  </ItemGroup>
  <ItemGroup>
    <Manifest Include="Neatpad.exe.manifest" />
  </ItemGroup>
</Project>